
Microsoft Visual Studio Solution File, Format Version 12.00
# Visual Studio Version 17
VisualStudioVersion = 17.8.34525.116
MinimumVisualStudioVersion = 10.0.40219.1
Project("{FAE04EC0-301F-11D3-BF4B-00C04F79EFBC}") = "Lab04_OOP", "Lab04_OOP.csproj", "{20C48133-481C-4523-A2AA-FABA8EF9B7FE}"
EndProject
Global
	GlobalSection(SolutionConfigurationPlatforms) = preSolution
		Debug|Any CPU = Debug|Any CPU
		Release|Any CPU = Release|Any CPU
	EndGlobalSection
	GlobalSection(ProjectConfigurationPlatforms) = postSolution
		{20C48133-481C-4523-A2AA-FABA8EF9B7FE}.Debug|Any CPU.ActiveCfg = Debug|Any CPU
		{20C48133-481C-4523-A2AA-FABA8EF9B7FE}.Debug|Any CPU.Build.0 = Debug|Any CPU
		{20C48133-481C-4523-A2AA-FABA8EF9B7FE}.Release|Any CPU.ActiveCfg = Release|Any CPU
		{20C48133-481C-4523-A2AA-FABA8EF9B7FE}.Release|Any CPU.Build.0 = Release|Any CPU
	EndGlobalSection
	GlobalSection(SolutionProperties) = preSolution
		HideSolutionNode = FALSE
	EndGlobalSection
	GlobalSection(ExtensibilityGlobals) = postSolution
		SolutionGuid = {48EAE011-9F14-46CB-BA81-A2A88CDC8EDC}
	EndGlobalSection
EndGlobal
