
Microsoft Visual Studio Solution File, Format Version 12.00
# Visual Studio Version 17
VisualStudioVersion = 17.8.34525.116
MinimumVisualStudioVersion = 10.0.40219.1
Project("{FAE04EC0-301F-11D3-BF4B-00C04F79EFBC}") = "laba9", "laba9.csproj", "{15C119FD-31A7-40F2-A8A9-9355C5FD0D62}"
EndProject
Global
	GlobalSection(SolutionConfigurationPlatforms) = preSolution
		Debug|Any CPU = Debug|Any CPU
		Release|Any CPU = Release|Any CPU
	EndGlobalSection
	GlobalSection(ProjectConfigurationPlatforms) = postSolution
		{15C119FD-31A7-40F2-A8A9-9355C5FD0D62}.Debug|Any CPU.ActiveCfg = Debug|Any CPU
		{15C119FD-31A7-40F2-A8A9-9355C5FD0D62}.Debug|Any CPU.Build.0 = Debug|Any CPU
		{15C119FD-31A7-40F2-A8A9-9355C5FD0D62}.Release|Any CPU.ActiveCfg = Release|Any CPU
		{15C119FD-31A7-40F2-A8A9-9355C5FD0D62}.Release|Any CPU.Build.0 = Release|Any CPU
	EndGlobalSection
	GlobalSection(SolutionProperties) = preSolution
		HideSolutionNode = FALSE
	EndGlobalSection
	GlobalSection(ExtensibilityGlobals) = postSolution
		SolutionGuid = {3A85C6D0-23D6-4507-AEA1-B5AD3D65B9E7}
	EndGlobalSection
EndGlobal
