
Microsoft Visual Studio Solution File, Format Version 12.00
# Visual Studio Version 17
VisualStudioVersion = 17.8.34525.116
MinimumVisualStudioVersion = 10.0.40219.1
Project("{FAE04EC0-301F-11D3-BF4B-00C04F79EFBC}") = "LAB8_2", "LAB8_2.csproj", "{30B93835-89F5-472B-A13B-3FE3A2469A96}"
EndProject
Global
	GlobalSection(SolutionConfigurationPlatforms) = preSolution
		Debug|Any CPU = Debug|Any CPU
		Release|Any CPU = Release|Any CPU
	EndGlobalSection
	GlobalSection(ProjectConfigurationPlatforms) = postSolution
		{30B93835-89F5-472B-A13B-3FE3A2469A96}.Debug|Any CPU.ActiveCfg = Debug|Any CPU
		{30B93835-89F5-472B-A13B-3FE3A2469A96}.Debug|Any CPU.Build.0 = Debug|Any CPU
		{30B93835-89F5-472B-A13B-3FE3A2469A96}.Release|Any CPU.ActiveCfg = Release|Any CPU
		{30B93835-89F5-472B-A13B-3FE3A2469A96}.Release|Any CPU.Build.0 = Release|Any CPU
	EndGlobalSection
	GlobalSection(SolutionProperties) = preSolution
		HideSolutionNode = FALSE
	EndGlobalSection
	GlobalSection(ExtensibilityGlobals) = postSolution
		SolutionGuid = {70159A1D-61CD-4797-AE58-AF36B2E7C415}
	EndGlobalSection
EndGlobal
